// !$*UTF8*$!
{
	archiveVersion = 1;
	classes = {
	};
	objectVersion = 56;
	objects = {

/* Begin PBXBuildFile section */
		582E6F0029428F8E000F5B0D /* ExampleApp.swift in Sources */ = {isa = PBXBuildFile; fileRef = 582E6EFF29428F8E000F5B0D /* ExampleApp.swift */; };
		582E6F0229428F8E000F5B0D /* ContentView.swift in Sources */ = {isa = PBXBuildFile; fileRef = 582E6F0129428F8E000F5B0D /* ContentView.swift */; };
		582E6F0429428F8F000F5B0D /* Assets.xcassets in Resources */ = {isa = PBXBuildFile; fileRef = 582E6F0329428F8F000F5B0D /* Assets.xcassets */; };
		582E6F0729428F8F000F5B0D /* Preview Assets.xcassets in Resources */ = {isa = PBXBuildFile; fileRef = 582E6F0629428F8F000F5B0D /* Preview Assets.xcassets */; };
		582E6F1129428F90000F5B0D /* ExampleTests.swift in Sources */ = {isa = PBXBuildFile; fileRef = 582E6F1029428F90000F5B0D /* ExampleTests.swift */; };
		582E6F1B29428F90000F5B0D /* ExampleUITests.swift in Sources */ = {isa = PBXBuildFile; fileRef = 582E6F1A29428F90000F5B0D /* ExampleUITests.swift */; };
		582E6F1D29428F90000F5B0D /* ExampleUITestsLaunchTests.swift in Sources */ = {isa = PBXBuildFile; fileRef = 582E6F1C29428F90000F5B0D /* ExampleUITestsLaunchTests.swift */; };
		582E6F2B29428FDC000F5B0D /* YouTubePlayPauseView in Frameworks */ = {isa = PBXBuildFile; productRef = 582E6F2A29428FDC000F5B0D /* YouTubePlayPauseView */; };
/* End PBXBuildFile section */

/* Begin PBXContainerItemProxy section */
		582E6F0D29428F90000F5B0D /* PBXContainerItemProxy */ = {
			isa = PBXContainerItemProxy;
			containerPortal = 582E6EF429428F8E000F5B0D /* Project object */;
			proxyType = 1;
			remoteGlobalIDString = 582E6EFB29428F8E000F5B0D;
			remoteInfo = Example;
		};
		582E6F1729428F90000F5B0D /* PBXContainerItemProxy */ = {
			isa = PBXContainerItemProxy;
			containerPortal = 582E6EF429428F8E000F5B0D /* Project object */;
			proxyType = 1;
			remoteGlobalIDString = 582E6EFB29428F8E000F5B0D;
			remoteInfo = Example;
		};
/* End PBXContainerItemProxy section */

/* Begin PBXFileReference section */
		582E6EFC29428F8E000F5B0D /* Example.app */ = {isa = PBXFileReference; explicitFileType = wrapper.application; includeInIndex = 0; path = Example.app; sourceTree = BUILT_PRODUCTS_DIR; };
		582E6EFF29428F8E000F5B0D /* ExampleApp.swift */ = {isa = PBXFileReference; lastKnownFileType = sourcecode.swift; path = ExampleApp.swift; sourceTree = "<group>"; };
		582E6F0129428F8E000F5B0D /* ContentView.swift */ = {isa = PBXFileReference; lastKnownFileType = sourcecode.swift; path = ContentView.swift; sourceTree = "<group>"; };
		582E6F0329428F8F000F5B0D /* Assets.xcassets */ = {isa = PBXFileReference; lastKnownFileType = folder.assetcatalog; path = Assets.xcassets; sourceTree = "<group>"; };
		582E6F0629428F8F000F5B0D /* Preview Assets.xcassets */ = {isa = PBXFileReference; lastKnownFileType = folder.assetcatalog; path = "Preview Assets.xcassets"; sourceTree = "<group>"; };
		582E6F0C29428F90000F5B0D /* ExampleTests.xctest */ = {isa = PBXFileReference; explicitFileType = wrapper.cfbundle; includeInIndex = 0; path = ExampleTests.xctest; sourceTree = BUILT_PRODUCTS_DIR; };
		582E6F1029428F90000F5B0D /* ExampleTests.swift */ = {isa = PBXFileReference; lastKnownFileType = sourcecode.swift; path = ExampleTests.swift; sourceTree = "<group>"; };
		582E6F1629428F90000F5B0D /* ExampleUITests.xctest */ = {isa = PBXFileReference; explicitFileType = wrapper.cfbundle; includeInIndex = 0; path = ExampleUITests.xctest; sourceTree = BUILT_PRODUCTS_DIR; };
		582E6F1A29428F90000F5B0D /* ExampleUITests.swift */ = {isa = PBXFileReference; lastKnownFileType = sourcecode.swift; path = ExampleUITests.swift; sourceTree = "<group>"; };
		582E6F1C29428F90000F5B0D /* ExampleUITestsLaunchTests.swift */ = {isa = PBXFileReference; lastKnownFileType = sourcecode.swift; path = ExampleUITestsLaunchTests.swift; sourceTree = "<group>"; };
/* End PBXFileReference section */

/* Begin PBXFrameworksBuildPhase section */
		582E6EF929428F8E000F5B0D /* Frameworks */ = {
			isa = PBXFrameworksBuildPhase;
			buildActionMask = 2147483647;
			files = (
				582E6F2B29428FDC000F5B0D /* YouTubePlayPauseView in Frameworks */,
			);
			runOnlyForDeploymentPostprocessing = 0;
		};
		582E6F0929428F90000F5B0D /* Frameworks */ = {
			isa = PBXFrameworksBuildPhase;
			buildActionMask = 2147483647;
			files = (
			);
			runOnlyForDeploymentPostprocessing = 0;
		};
		582E6F1329428F90000F5B0D /* Frameworks */ = {
			isa = PBXFrameworksBuildPhase;
			buildActionMask = 2147483647;
			files = (
			);
			runOnlyForDeploymentPostprocessing = 0;
		};
/* End PBXFrameworksBuildPhase section */

/* Begin PBXGroup section */
		582E6EF329428F8E000F5B0D = {
			isa = PBXGroup;
			children = (
				582E6EFE29428F8E000F5B0D /* Example */,
				582E6F0F29428F90000F5B0D /* ExampleTests */,
				582E6F1929428F90000F5B0D /* ExampleUITests */,
				582E6EFD29428F8E000F5B0D /* Products */,
			);
			sourceTree = "<group>";
		};
		582E6EFD29428F8E000F5B0D /* Products */ = {
			isa = PBXGroup;
			children = (
				582E6EFC29428F8E000F5B0D /* Example.app */,
				582E6F0C29428F90000F5B0D /* ExampleTests.xctest */,
				582E6F1629428F90000F5B0D /* ExampleUITests.xctest */,
			);
			name = Products;
			sourceTree = "<group>";
		};
		582E6EFE29428F8E000F5B0D /* Example */ = {
			isa = PBXGroup;
			children = (
				582E6EFF29428F8E000F5B0D /* ExampleApp.swift */,
				582E6F0129428F8E000F5B0D /* ContentView.swift */,
				582E6F0329428F8F000F5B0D /* Assets.xcassets */,
				582E6F0529428F8F000F5B0D /* Preview Content */,
			);
			path = Example;
			sourceTree = "<group>";
		};
		582E6F0529428F8F000F5B0D /* Preview Content */ = {
			isa = PBXGroup;
			children = (
				582E6F0629428F8F000F5B0D /* Preview Assets.xcassets */,
			);
			path = "Preview Content";
			sourceTree = "<group>";
		};
		582E6F0F29428F90000F5B0D /* ExampleTests */ = {
			isa = PBXGroup;
			children = (
				582E6F1029428F90000F5B0D /* ExampleTests.swift */,
			);
			path = ExampleTests;
			sourceTree = "<group>";
		};
		582E6F1929428F90000F5B0D /* ExampleUITests */ = {
			isa = PBXGroup;
			children = (
				582E6F1A29428F90000F5B0D /* ExampleUITests.swift */,
				582E6F1C29428F90000F5B0D /* ExampleUITestsLaunchTests.swift */,
			);
			path = ExampleUITests;
			sourceTree = "<group>";
		};
/* End PBXGroup section */

/* Begin PBXNativeTarget section */
		582E6EFB29428F8E000F5B0D /* Example */ = {
			isa = PBXNativeTarget;
			buildConfigurationList = 582E6F2029428F90000F5B0D /* Build configuration list for PBXNativeTarget "Example" */;
			buildPhases = (
				582E6EF829428F8E000F5B0D /* Sources */,
				582E6EF929428F8E000F5B0D /* Frameworks */,
				582E6EFA29428F8E000F5B0D /* Resources */,
			);
			buildRules = (
			);
			dependencies = (
			);
			name = Example;
			packageProductDependencies = (
				582E6F2A29428FDC000F5B0D /* YouTubePlayPauseView */,
			);
			productName = Example;
			productReference = 582E6EFC29428F8E000F5B0D /* Example.app */;
			productType = "com.apple.product-type.application";
		};
		582E6F0B29428F90000F5B0D /* ExampleTests */ = {
			isa = PBXNativeTarget;
			buildConfigurationList = 582E6F2329428F90000F5B0D /* Build configuration list for PBXNativeTarget "ExampleTests" */;
			buildPhases = (
				582E6F0829428F90000F5B0D /* Sources */,
				582E6F0929428F90000F5B0D /* Frameworks */,
				582E6F0A29428F90000F5B0D /* Resources */,
			);
			buildRules = (
			);
			dependencies = (
				582E6F0E29428F90000F5B0D /* PBXTargetDependency */,
			);
			name = ExampleTests;
			productName = ExampleTests;
			productReference = 582E6F0C29428F90000F5B0D /* ExampleTests.xctest */;
			productType = "com.apple.product-type.bundle.unit-test";
		};
		582E6F1529428F90000F5B0D /* ExampleUITests */ = {
			isa = PBXNativeTarget;
			buildConfigurationList = 582E6F2629428F90000F5B0D /* Build configuration list for PBXNativeTarget "ExampleUITests" */;
			buildPhases = (
				582E6F1229428F90000F5B0D /* Sources */,
				582E6F1329428F90000F5B0D /* Frameworks */,
				582E6F1429428F90000F5B0D /* Resources */,
			);
			buildRules = (
			);
			dependencies = (
				582E6F1829428F90000F5B0D /* PBXTargetDependency */,
			);
			name = ExampleUITests;
			productName = ExampleUITests;
			productReference = 582E6F1629428F90000F5B0D /* ExampleUITests.xctest */;
			productType = "com.apple.product-type.bundle.ui-testing";
		};
/* End PBXNativeTarget section */

/* Begin PBXProject section */
		582E6EF429428F8E000F5B0D /* Project object */ = {
			isa = PBXProject;
			attributes = {
				BuildIndependentTargetsInParallel = 1;
				LastSwiftUpdateCheck = 1410;
				LastUpgradeCheck = 1410;
				TargetAttributes = {
					582E6EFB29428F8E000F5B0D = {
						CreatedOnToolsVersion = 14.1;
					};
					582E6F0B29428F90000F5B0D = {
						CreatedOnToolsVersion = 14.1;
						TestTargetID = 582E6EFB29428F8E000F5B0D;
					};
					582E6F1529428F90000F5B0D = {
						CreatedOnToolsVersion = 14.1;
						TestTargetID = 582E6EFB29428F8E000F5B0D;
					};
				};
			};
			buildConfigurationList = 582E6EF729428F8E000F5B0D /* Build configuration list for PBXProject "Example" */;
			compatibilityVersion = "Xcode 14.0";
			developmentRegion = en;
			hasScannedForEncodings = 0;
			knownRegions = (
				en,
				Base,
			);
			mainGroup = 582E6EF329428F8E000F5B0D;
			packageReferences = (
				582E6F2929428FDC000F5B0D /* XCRemoteSwiftPackageReference "YouTubePlayPauseView" */,
			);
			productRefGroup = 582E6EFD29428F8E000F5B0D /* Products */;
			projectDirPath = "";
			projectRoot = "";
			targets = (
				582E6EFB29428F8E000F5B0D /* Example */,
				582E6F0B29428F90000F5B0D /* ExampleTests */,
				582E6F1529428F90000F5B0D /* ExampleUITests */,
			);
		};
/* End PBXProject section */

/* Begin PBXResourcesBuildPhase section */
		582E6EFA29428F8E000F5B0D /* Resources */ = {
			isa = PBXResourcesBuildPhase;
			buildActionMask = 2147483647;
			files = (
				582E6F0729428F8F000F5B0D /* Preview Assets.xcassets in Resources */,
				582E6F0429428F8F000F5B0D /* Assets.xcassets in Resources */,
			);
			runOnlyForDeploymentPostprocessing = 0;
		};
		582E6F0A29428F90000F5B0D /* Resources */ = {
			isa = PBXResourcesBuildPhase;
			buildActionMask = 2147483647;
			files = (
			);
			runOnlyForDeploymentPostprocessing = 0;
		};
		582E6F1429428F90000F5B0D /* Resources */ = {
			isa = PBXResourcesBuildPhase;
			buildActionMask = 2147483647;
			files = (
			);
			runOnlyForDeploymentPostprocessing = 0;
		};
/* End PBXResourcesBuildPhase section */

/* Begin PBXSourcesBuildPhase section */
		582E6EF829428F8E000F5B0D /* Sources */ = {
			isa = PBXSourcesBuildPhase;
			buildActionMask = 2147483647;
			files = (
				582E6F0229428F8E000F5B0D /* ContentView.swift in Sources */,
				582E6F0029428F8E000F5B0D /* ExampleApp.swift in Sources */,
			);
			runOnlyForDeploymentPostprocessing = 0;
		};
		582E6F0829428F90000F5B0D /* Sources */ = {
			isa = PBXSourcesBuildPhase;
			buildActionMask = 2147483647;
			files = (
				582E6F1129428F90000F5B0D /* ExampleTests.swift in Sources */,
			);
			runOnlyForDeploymentPostprocessing = 0;
		};
		582E6F1229428F90000F5B0D /* Sources */ = {
			isa = PBXSourcesBuildPhase;
			buildActionMask = 2147483647;
			files = (
				582E6F1B29428F90000F5B0D /* ExampleUITests.swift in Sources */,
				582E6F1D29428F90000F5B0D /* ExampleUITestsLaunchTests.swift in Sources */,
			);
			runOnlyForDeploymentPostprocessing = 0;
		};
/* End PBXSourcesBuildPhase section */

/* Begin PBXTargetDependency section */
		582E6F0E29428F90000F5B0D /* PBXTargetDependency */ = {
			isa = PBXTargetDependency;
			target = 582E6EFB29428F8E000F5B0D /* Example */;
			targetProxy = 582E6F0D29428F90000F5B0D /* PBXContainerItemProxy */;
		};
		582E6F1829428F90000F5B0D /* PBXTargetDependency */ = {
			isa = PBXTargetDependency;
			target = 582E6EFB29428F8E000F5B0D /* Example */;
			targetProxy = 582E6F1729428F90000F5B0D /* PBXContainerItemProxy */;
		};
/* End PBXTargetDependency section */

/* Begin XCBuildConfiguration section */
		582E6F1E29428F90000F5B0D /* Debug */ = {
			isa = XCBuildConfiguration;
			buildSettings = {
				ALWAYS_SEARCH_USER_PATHS = NO;
				CLANG_ANALYZER_NONNULL = YES;
				CLANG_ANALYZER_NUMBER_OBJECT_CONVERSION = YES_AGGRESSIVE;
				CLANG_CXX_LANGUAGE_STANDARD = "gnu++20";
				CLANG_ENABLE_MODULES = YES;
				CLANG_ENABLE_OBJC_ARC = YES;
				CLANG_ENABLE_OBJC_WEAK = YES;
				CLANG_WARN_BLOCK_CAPTURE_AUTORELEASING = YES;
				CLANG_WARN_BOOL_CONVERSION = YES;
				CLANG_WARN_COMMA = YES;
				CLANG_WARN_CONSTANT_CONVERSION = YES;
				CLANG_WARN_DEPRECATED_OBJC_IMPLEMENTATIONS = YES;
				CLANG_WARN_DIRECT_OBJC_ISA_USAGE = YES_ERROR;
				CLANG_WARN_DOCUMENTATION_COMMENTS = YES;
				CLANG_WARN_EMPTY_BODY = YES;
				CLANG_WARN_ENUM_CONVERSION = YES;
				CLANG_WARN_INFINITE_RECURSION = YES;
				CLANG_WARN_INT_CONVERSION = YES;
				CLANG_WARN_NON_LITERAL_NULL_CONVERSION = YES;
				CLANG_WARN_OBJC_IMPLICIT_RETAIN_SELF = YES;
				CLANG_WARN_OBJC_LITERAL_CONVERSION = YES;
				CLANG_WARN_OBJC_ROOT_CLASS = YES_ERROR;
				CLANG_WARN_QUOTED_INCLUDE_IN_FRAMEWORK_HEADER = YES;
				CLANG_WARN_RANGE_LOOP_ANALYSIS = YES;
				CLANG_WARN_STRICT_PROTOTYPES = YES;
				CLANG_WARN_SUSPICIOUS_MOVE = YES;
				CLANG_WARN_UNGUARDED_AVAILABILITY = YES_AGGRESSIVE;
				CLANG_WARN_UNREACHABLE_CODE = YES;
				CLANG_WARN__DUPLICATE_METHOD_MATCH = YES;
				COPY_PHASE_STRIP = NO;
				DEBUG_INFORMATION_FORMAT = dwarf;
				ENABLE_STRICT_OBJC_MSGSEND = YES;
				ENABLE_TESTABILITY = YES;
				GCC_C_LANGUAGE_STANDARD = gnu11;
				GCC_DYNAMIC_NO_PIC = NO;
				GCC_NO_COMMON_BLOCKS = YES;
				GCC_OPTIMIZATION_LEVEL = 0;
				GCC_PREPROCESSOR_DEFINITIONS = (
					"DEBUG=1",
					"$(inherited)",
				);
				GCC_WARN_64_TO_32_BIT_CONVERSION = YES;
				GCC_WARN_ABOUT_RETURN_TYPE = YES_ERROR;
				GCC_WARN_UNDECLARED_SELECTOR = YES;
				GCC_WARN_UNINITIALIZED_AUTOS = YES_AGGRESSIVE;
				GCC_WARN_UNUSED_FUNCTION = YES;
				GCC_WARN_UNUSED_VARIABLE = YES;
				IPHONEOS_DEPLOYMENT_TARGET = 17.0;
				MTL_ENABLE_DEBUG_INFO = INCLUDE_SOURCE;
				MTL_FAST_MATH = YES;
				ONLY_ACTIVE_ARCH = YES;
				SDKROOT = iphoneos;
				SWIFT_ACTIVE_COMPILATION_CONDITIONS = DEBUG;
				SWIFT_OPTIMIZATION_LEVEL = "-Onone";
			};
			name = Debug;
		};
		582E6F1F29428F90000F5B0D /* Release */ = {
			isa = XCBuildConfiguration;
			buildSettings = {
				ALWAYS_SEARCH_USER_PATHS = NO;
				CLANG_ANALYZER_NONNULL = YES;
				CLANG_ANALYZER_NUMBER_OBJECT_CONVERSION = YES_AGGRESSIVE;
				CLANG_CXX_LANGUAGE_STANDARD = "gnu++20";
				CLANG_ENABLE_MODULES = YES;
				CLANG_ENABLE_OBJC_ARC = YES;
				CLANG_ENABLE_OBJC_WEAK = YES;
				CLANG_WARN_BLOCK_CAPTURE_AUTORELEASING = YES;
				CLANG_WARN_BOOL_CONVERSION = YES;
				CLANG_WARN_COMMA = YES;
				CLANG_WARN_CONSTANT_CONVERSION = YES;
				CLANG_WARN_DEPRECATED_OBJC_IMPLEMENTATIONS = YES;
				CLANG_WARN_DIRECT_OBJC_ISA_USAGE = YES_ERROR;
				CLANG_WARN_DOCUMENTATION_COMMENTS = YES;
				CLANG_WARN_EMPTY_BODY = YES;
				CLANG_WARN_ENUM_CONVERSION = YES;
				CLANG_WARN_INFINITE_RECURSION = YES;
				CLANG_WARN_INT_CONVERSION = YES;
				CLANG_WARN_NON_LITERAL_NULL_CONVERSION = YES;
				CLANG_WARN_OBJC_IMPLICIT_RETAIN_SELF = YES;
				CLANG_WARN_OBJC_LITERAL_CONVERSION = YES;
				CLANG_WARN_OBJC_ROOT_CLASS = YES_ERROR;
				CLANG_WARN_QUOTED_INCLUDE_IN_FRAMEWORK_HEADER = YES;
				CLANG_WARN_RANGE_LOOP_ANALYSIS = YES;
				CLANG_WARN_STRICT_PROTOTYPES = YES;
				CLANG_WARN_SUSPICIOUS_MOVE = YES;
				CLANG_WARN_UNGUARDED_AVAILABILITY = YES_AGGRESSIVE;
				CLANG_WARN_UNREACHABLE_CODE = YES;
				CLANG_WARN__DUPLICATE_METHOD_MATCH = YES;
				COPY_PHASE_STRIP = NO;
				DEBUG_INFORMATION_FORMAT = "dwarf-with-dsym";
				ENABLE_NS_ASSERTIONS = NO;
				ENABLE_STRICT_OBJC_MSGSEND = YES;
				GCC_C_LANGUAGE_STANDARD = gnu11;
				GCC_NO_COMMON_BLOCKS = YES;
				GCC_WARN_64_TO_32_BIT_CONVERSION = YES;
				GCC_WARN_ABOUT_RETURN_TYPE = YES_ERROR;
				GCC_WARN_UNDECLARED_SELECTOR = YES;
				GCC_WARN_UNINITIALIZED_AUTOS = YES_AGGRESSIVE;
				GCC_WARN_UNUSED_FUNCTION = YES;
				GCC_WARN_UNUSED_VARIABLE = YES;
				IPHONEOS_DEPLOYMENT_TARGET = 17.0;
				MTL_ENABLE_DEBUG_INFO = NO;
				MTL_FAST_MATH = YES;
				SDKROOT = iphoneos;
				SWIFT_COMPILATION_MODE = wholemodule;
				SWIFT_OPTIMIZATION_LEVEL = "-O";
				VALIDATE_PRODUCT = YES;
			};
			name = Release;
		};
		582E6F2129428F90000F5B0D /* Debug */ = {
			isa = XCBuildConfiguration;
			buildSettings = {
				ASSETCATALOG_COMPILER_APPICON_NAME = AppIcon;
				ASSETCATALOG_COMPILER_GLOBAL_ACCENT_COLOR_NAME = AccentColor;
				CODE_SIGN_STYLE = Automatic;
				CURRENT_PROJECT_VERSION = 1;
				DEVELOPMENT_ASSET_PATHS = "\"Example/Preview Content\"";
				DEVELOPMENT_TEAM = 7KJTVFSV88;
				ENABLE_PREVIEWS = YES;
				GENERATE_INFOPLIST_FILE = YES;
				INFOPLIST_KEY_UIApplicationSceneManifest_Generation = YES;
				INFOPLIST_KEY_UIApplicationSupportsIndirectInputEvents = YES;
				INFOPLIST_KEY_UILaunchScreen_Generation = YES;
				INFOPLIST_KEY_UISupportedInterfaceOrientations_iPad = "UIInterfaceOrientationPortrait UIInterfaceOrientationPortraitUpsideDown UIInterfaceOrientationLandscapeLeft UIInterfaceOrientationLandscapeRight";
				INFOPLIST_KEY_UISupportedInterfaceOrientations_iPhone = "UIInterfaceOrientationPortrait UIInterfaceOrientationLandscapeLeft UIInterfaceOrientationLandscapeRight";
				LD_RUNPATH_SEARCH_PATHS = (
					"$(inherited)",
					"@executable_path/Frameworks",
				);
				MARKETING_VERSION = 1.0;
				PRODUCT_BUNDLE_IDENTIFIER = hu.example.youtube.play.pause.view.Example.Example;
				PRODUCT_NAME = "$(TARGET_NAME)";
				SWIFT_EMIT_LOC_STRINGS = YES;
				SWIFT_VERSION = 5.0;
				TARGETED_DEVICE_FAMILY = "1,2";
			};
			name = Debug;
		};
		582E6F2229428F90000F5B0D /* Release */ = {
			isa = XCBuildConfiguration;
			buildSettings = {
				ASSETCATALOG_COMPILER_APPICON_NAME = AppIcon;
				ASSETCATALOG_COMPILER_GLOBAL_ACCENT_COLOR_NAME = AccentColor;
				CODE_SIGN_STYLE = Automatic;
				CURRENT_PROJECT_VERSION = 1;
				DEVELOPMENT_ASSET_PATHS = "\"Example/Preview Content\"";
				DEVELOPMENT_TEAM = 7KJTVFSV88;
				ENABLE_PREVIEWS = YES;
				GENERATE_INFOPLIST_FILE = YES;
				INFOPLIST_KEY_UIApplicationSceneManifest_Generation = YES;
				INFOPLIST_KEY_UIApplicationSupportsIndirectInputEvents = YES;
				INFOPLIST_KEY_UILaunchScreen_Generation = YES;
				INFOPLIST_KEY_UISupportedInterfaceOrientations_iPad = "UIInterfaceOrientationPortrait UIInterfaceOrientationPortraitUpsideDown UIInterfaceOrientationLandscapeLeft UIInterfaceOrientationLandscapeRight";
				INFOPLIST_KEY_UISupportedInterfaceOrientations_iPhone = "UIInterfaceOrientationPortrait UIInterfaceOrientationLandscapeLeft UIInterfaceOrientationLandscapeRight";
				LD_RUNPATH_SEARCH_PATHS = (
					"$(inherited)",
					"@executable_path/Frameworks",
				);
				MARKETING_VERSION = 1.0;
				PRODUCT_BUNDLE_IDENTIFIER = hu.example.youtube.play.pause.view.Example.Example;
				PRODUCT_NAME = "$(TARGET_NAME)";
				SWIFT_EMIT_LOC_STRINGS = YES;
				SWIFT_VERSION = 5.0;
				TARGETED_DEVICE_FAMILY = "1,2";
			};
			name = Release;
		};
		582E6F2429428F90000F5B0D /* Debug */ = {
			isa = XCBuildConfiguration;
			buildSettings = {
				ALWAYS_EMBED_SWIFT_STANDARD_LIBRARIES = YES;
				BUNDLE_LOADER = "$(TEST_HOST)";
				CODE_SIGN_STYLE = Automatic;
				CURRENT_PROJECT_VERSION = 1;
				DEVELOPMENT_TEAM = 7KJTVFSV88;
				GENERATE_INFOPLIST_FILE = YES;
				IPHONEOS_DEPLOYMENT_TARGET = 17.0;
				MARKETING_VERSION = 1.0;
				PRODUCT_BUNDLE_IDENTIFIER = hu.example.youtube.play.pause.view.Example.ExampleTests;
				PRODUCT_NAME = "$(TARGET_NAME)";
				SWIFT_EMIT_LOC_STRINGS = NO;
				SWIFT_VERSION = 5.0;
				TARGETED_DEVICE_FAMILY = "1,2";
				TEST_HOST = "$(BUILT_PRODUCTS_DIR)/Example.app/$(BUNDLE_EXECUTABLE_FOLDER_PATH)/Example";
			};
			name = Debug;
		};
		582E6F2529428F90000F5B0D /* Release */ = {
			isa = XCBuildConfiguration;
			buildSettings = {
				ALWAYS_EMBED_SWIFT_STANDARD_LIBRARIES = YES;
				BUNDLE_LOADER = "$(TEST_HOST)";
				CODE_SIGN_STYLE = Automatic;
				CURRENT_PROJECT_VERSION = 1;
				DEVELOPMENT_TEAM = 7KJTVFSV88;
				GENERATE_INFOPLIST_FILE = YES;
				IPHONEOS_DEPLOYMENT_TARGET = 17.0;
				MARKETING_VERSION = 1.0;
				PRODUCT_BUNDLE_IDENTIFIER = hu.example.youtube.play.pause.view.Example.ExampleTests;
				PRODUCT_NAME = "$(TARGET_NAME)";
				SWIFT_EMIT_LOC_STRINGS = NO;
				SWIFT_VERSION = 5.0;
				TARGETED_DEVICE_FAMILY = "1,2";
				TEST_HOST = "$(BUILT_PRODUCTS_DIR)/Example.app/$(BUNDLE_EXECUTABLE_FOLDER_PATH)/Example";
			};
			name = Release;
		};
		582E6F2729428F90000F5B0D /* Debug */ = {
			isa = XCBuildConfiguration;
			buildSettings = {
				ALWAYS_EMBED_SWIFT_STANDARD_LIBRARIES = YES;
				CODE_SIGN_STYLE = Automatic;
				CURRENT_PROJECT_VERSION = 1;
				DEVELOPMENT_TEAM = 7KJTVFSV88;
				GENERATE_INFOPLIST_FILE = YES;
				MARKETING_VERSION = 1.0;
				PRODUCT_BUNDLE_IDENTIFIER = hu.example.youtube.play.pause.view.Example.ExampleUITests;
				PRODUCT_NAME = "$(TARGET_NAME)";
				SWIFT_EMIT_LOC_STRINGS = NO;
				SWIFT_VERSION = 5.0;
				TARGETED_DEVICE_FAMILY = "1,2";
				TEST_TARGET_NAME = Example;
			};
			name = Debug;
		};
		582E6F2829428F90000F5B0D /* Release */ = {
			isa = XCBuildConfiguration;
			buildSettings = {
				ALWAYS_EMBED_SWIFT_STANDARD_LIBRARIES = YES;
				CODE_SIGN_STYLE = Automatic;
				CURRENT_PROJECT_VERSION = 1;
				DEVELOPMENT_TEAM = 7KJTVFSV88;
				GENERATE_INFOPLIST_FILE = YES;
				MARKETING_VERSION = 1.0;
				PRODUCT_BUNDLE_IDENTIFIER = hu.example.youtube.play.pause.view.Example.ExampleUITests;
				PRODUCT_NAME = "$(TARGET_NAME)";
				SWIFT_EMIT_LOC_STRINGS = NO;
				SWIFT_VERSION = 5.0;
				TARGETED_DEVICE_FAMILY = "1,2";
				TEST_TARGET_NAME = Example;
			};
			name = Release;
		};
/* End XCBuildConfiguration section */

/* Begin XCConfigurationList section */
		582E6EF729428F8E000F5B0D /* Build configuration list for PBXProject "Example" */ = {
			isa = XCConfigurationList;
			buildConfigurations = (
				582E6F1E29428F90000F5B0D /* Debug */,
				582E6F1F29428F90000F5B0D /* Release */,
			);
			defaultConfigurationIsVisible = 0;
			defaultConfigurationName = Release;
		};
		582E6F2029428F90000F5B0D /* Build configuration list for PBXNativeTarget "Example" */ = {
			isa = XCConfigurationList;
			buildConfigurations = (
				582E6F2129428F90000F5B0D /* Debug */,
				582E6F2229428F90000F5B0D /* Release */,
			);
			defaultConfigurationIsVisible = 0;
			defaultConfigurationName = Release;
		};
		582E6F2329428F90000F5B0D /* Build configuration list for PBXNativeTarget "ExampleTests" */ = {
			isa = XCConfigurationList;
			buildConfigurations = (
				582E6F2429428F90000F5B0D /* Debug */,
				582E6F2529428F90000F5B0D /* Release */,
			);
			defaultConfigurationIsVisible = 0;
			defaultConfigurationName = Release;
		};
		582E6F2629428F90000F5B0D /* Build configuration list for PBXNativeTarget "ExampleUITests" */ = {
			isa = XCConfigurationList;
			buildConfigurations = (
				582E6F2729428F90000F5B0D /* Debug */,
				582E6F2829428F90000F5B0D /* Release */,
			);
			defaultConfigurationIsVisible = 0;
			defaultConfigurationName = Release;
		};
/* End XCConfigurationList section */

/* Begin XCRemoteSwiftPackageReference section */
		582E6F2929428FDC000F5B0D /* XCRemoteSwiftPackageReference "YouTubePlayPauseView" */ = {
			isa = XCRemoteSwiftPackageReference;
			repositoryURL = "https://github.com/stateman92/YouTubePlayPauseView";
			requirement = {
				kind = exactVersion;
				version = 0.0.2;
			};
		};
/* End XCRemoteSwiftPackageReference section */

/* Begin XCSwiftPackageProductDependency section */
		582E6F2A29428FDC000F5B0D /* YouTubePlayPauseView */ = {
			isa = XCSwiftPackageProductDependency;
			package = 582E6F2929428FDC000F5B0D /* XCRemoteSwiftPackageReference "YouTubePlayPauseView" */;
			productName = YouTubePlayPauseView;
		};
/* End XCSwiftPackageProductDependency section */
	};
	rootObject = 582E6EF429428F8E000F5B0D /* Project object */;
}
