{
  "pins" : [
    {
      "identity" : "youtubeplaypauseview",
      "kind" : "remoteSourceControl",
      "location" : "https://github.com/stateman92/YouTubePlayPauseView",
      "state" : {
        "revision" : "b73e49c9bda12929406f003526e1c3c4cf4fe8ba",
        "version" : "0.0.1"
      }
    }
  ],
  "version" : 2
}
