{
  "pins" : [
    {
      "identity" : "youtubeplaypauseview",
      "kind" : "remoteSourceControl",
      "location" : "https://github.com/stateman92/YouTubePlayPauseView",
      "state" : {
        "revision" : "1783c899f0922bed4bb4cbfb2d061aaeb0e01b56",
        "version" : "0.0.2"
      }
    }
  ],
  "version" : 2
}
